
Microsoft Visual Studio Solution File, Format Version 12.00
# Visual Studio Version 17
VisualStudioVersion = 17.8.34330.188
MinimumVisualStudioVersion = 10.0.40219.1
Project("{FAE04EC0-301F-11D3-BF4B-00C04F79EFBC}") = "EdukosS.O.L.I.D.", "..\EdukosS.O.L.I.D\EdukosS.O.L.I.D..csproj", "{80998FA3-FADE-4D57-8E21-3334A1673EB3}"
EndProject
Global
	GlobalSection(SolutionConfigurationPlatforms) = preSolution
		Debug|Any CPU = Debug|Any CPU
		Release|Any CPU = Release|Any CPU
	EndGlobalSection
	GlobalSection(ProjectConfigurationPlatforms) = postSolution
		{80998FA3-FADE-4D57-8E21-3334A1673EB3}.Debug|Any CPU.ActiveCfg = Debug|Any CPU
		{80998FA3-FADE-4D57-8E21-3334A1673EB3}.Debug|Any CPU.Build.0 = Debug|Any CPU
		{80998FA3-FADE-4D57-8E21-3334A1673EB3}.Release|Any CPU.ActiveCfg = Release|Any CPU
		{80998FA3-FADE-4D57-8E21-3334A1673EB3}.Release|Any CPU.Build.0 = Release|Any CPU
	EndGlobalSection
	GlobalSection(SolutionProperties) = preSolution
		HideSolutionNode = FALSE
	EndGlobalSection
	GlobalSection(ExtensibilityGlobals) = postSolution
		SolutionGuid = {7EACC2EB-FC45-42FD-B4FF-5EDC0CBE1472}
	EndGlobalSection
EndGlobal
